
Microsoft Visual Studio Solution File, Format Version 12.00
# Visual Studio Version 16
VisualStudioVersion = 16.0.31402.337
MinimumVisualStudioVersion = 10.0.40219.1
Project("{2150E333-8FDC-42A3-9474-1A3956D46DE8}") = "Client Apps", "Client Apps", "{6F1D01C0-E770-46EC-A5F5-06BD9EB7B1EC}"
EndProject
Project("{2150E333-8FDC-42A3-9474-1A3956D46DE8}") = "Docker Host", "Docker Host", "{FE2838D5-79E1-45DF-94F5-EA3483A6702D}"
EndProject
Project("{2150E333-8FDC-42A3-9474-1A3956D46DE8}") = "Services", "Services", "{6A742187-F4DF-4030-BE72-9AADF87235F9}"
EndProject
Project("{9A19103F-16F7-4668-BE54-9A1E7A4F7556}") = "Identity.API", "Services\Identity\Identity.API\Identity.API.csproj", "{57ABA16A-59A5-4A27-ADFB-468C38F1DC3B}"
EndProject
Project("{2150E333-8FDC-42A3-9474-1A3956D46DE8}") = "Identity", "Identity", "{E2BBBB04-589A-4BD3-939D-69878FBDB075}"
EndProject
Project("{2150E333-8FDC-42A3-9474-1A3956D46DE8}") = "1. Core", "1. Core", "{BBBE0531-230C-4082-B214-152996B53589}"
EndProject
Project("{2150E333-8FDC-42A3-9474-1A3956D46DE8}") = "2. Domain", "2. Domain", "{852894C7-12FD-4EA1-A544-1A6AF2EB5827}"
EndProject
Project("{2150E333-8FDC-42A3-9474-1A3956D46DE8}") = "3. Application", "3. Application", "{B34B8A0A-38FA-4712-B424-E4F88CBA0FFE}"
EndProject
Project("{2150E333-8FDC-42A3-9474-1A3956D46DE8}") = "4. Infrastructure", "4. Infrastructure", "{1036C4D1-AA8A-4E1E-9E9B-D2C3C6530903}"
EndProject
Project("{2150E333-8FDC-42A3-9474-1A3956D46DE8}") = "5. Presentation", "5. Presentation", "{89DE14DF-1782-4883-9BFC-2060F1803277}"
EndProject
Project("{9A19103F-16F7-4668-BE54-9A1E7A4F7556}") = "Identity.Infrastructure", "Services\Identity\Identity.Infrastructure\Identity.Infrastructure.csproj", "{3E78194C-10FD-4553-968D-494B0F2805D9}"
EndProject
Global
	GlobalSection(SolutionConfigurationPlatforms) = preSolution
		Debug|Any CPU = Debug|Any CPU
		Release|Any CPU = Release|Any CPU
	EndGlobalSection
	GlobalSection(ProjectConfigurationPlatforms) = postSolution
		{57ABA16A-59A5-4A27-ADFB-468C38F1DC3B}.Debug|Any CPU.ActiveCfg = Debug|Any CPU
		{57ABA16A-59A5-4A27-ADFB-468C38F1DC3B}.Debug|Any CPU.Build.0 = Debug|Any CPU
		{57ABA16A-59A5-4A27-ADFB-468C38F1DC3B}.Release|Any CPU.ActiveCfg = Release|Any CPU
		{57ABA16A-59A5-4A27-ADFB-468C38F1DC3B}.Release|Any CPU.Build.0 = Release|Any CPU
		{3E78194C-10FD-4553-968D-494B0F2805D9}.Debug|Any CPU.ActiveCfg = Debug|Any CPU
		{3E78194C-10FD-4553-968D-494B0F2805D9}.Debug|Any CPU.Build.0 = Debug|Any CPU
		{3E78194C-10FD-4553-968D-494B0F2805D9}.Release|Any CPU.ActiveCfg = Release|Any CPU
		{3E78194C-10FD-4553-968D-494B0F2805D9}.Release|Any CPU.Build.0 = Release|Any CPU
	EndGlobalSection
	GlobalSection(SolutionProperties) = preSolution
		HideSolutionNode = FALSE
	EndGlobalSection
	GlobalSection(NestedProjects) = preSolution
		{6A742187-F4DF-4030-BE72-9AADF87235F9} = {FE2838D5-79E1-45DF-94F5-EA3483A6702D}
		{57ABA16A-59A5-4A27-ADFB-468C38F1DC3B} = {89DE14DF-1782-4883-9BFC-2060F1803277}
		{E2BBBB04-589A-4BD3-939D-69878FBDB075} = {6A742187-F4DF-4030-BE72-9AADF87235F9}
		{BBBE0531-230C-4082-B214-152996B53589} = {E2BBBB04-589A-4BD3-939D-69878FBDB075}
		{852894C7-12FD-4EA1-A544-1A6AF2EB5827} = {E2BBBB04-589A-4BD3-939D-69878FBDB075}
		{B34B8A0A-38FA-4712-B424-E4F88CBA0FFE} = {E2BBBB04-589A-4BD3-939D-69878FBDB075}
		{1036C4D1-AA8A-4E1E-9E9B-D2C3C6530903} = {E2BBBB04-589A-4BD3-939D-69878FBDB075}
		{89DE14DF-1782-4883-9BFC-2060F1803277} = {E2BBBB04-589A-4BD3-939D-69878FBDB075}
		{3E78194C-10FD-4553-968D-494B0F2805D9} = {1036C4D1-AA8A-4E1E-9E9B-D2C3C6530903}
	EndGlobalSection
	GlobalSection(ExtensibilityGlobals) = postSolution
		SolutionGuid = {0CDF3694-E01B-4B04-B12E-255A84086405}
	EndGlobalSection
EndGlobal
